// !$*UTF8*$!
{
	archiveVersion = 1;
	classes = {
	};
	objectVersion = 50;
	objects = {

/* Begin PBXBuildFile section */
		DE290400239EF6E100465543 /* Assets.xcassets in Resources */ = {isa = PBXBuildFile; fileRef = DE2903FF239EF6E100465543 /* Assets.xcassets */; };
		DE290414239EF70900465543 /* mail.swift in Sources */ = {isa = PBXBuildFile; fileRef = DE29040A239EF70800465543 /* mail.swift */; };
		DE290416239EF70900465543 /* maillistTableCellController.swift in Sources */ = {isa = PBXBuildFile; fileRef = DE29040C239EF70800465543 /* maillistTableCellController.swift */; };
		DE29041A239EF70900465543 /* AppDelegate.swift in Sources */ = {isa = PBXBuildFile; fileRef = DE290410239EF70800465543 /* AppDelegate.swift */; };
		DE29041B239EF70900465543 /* mailDescViewController.swift in Sources */ = {isa = PBXBuildFile; fileRef = DE290411239EF70900465543 /* mailDescViewController.swift */; };
		DE29041C239EF70900465543 /* maillistTableViewController.swift in Sources */ = {isa = PBXBuildFile; fileRef = DE290412239EF70900465543 /* maillistTableViewController.swift */; };
		DE290420239EFB9200465543 /* Main.storyboard in Resources */ = {isa = PBXBuildFile; fileRef = DE29041F239EFB9200465543 /* Main.storyboard */; };
		DE2904C2239F0B8F00465543 /* Info.plist in Resources */ = {isa = PBXBuildFile; fileRef = DE2904C1239F0B8F00465543 /* Info.plist */; };
		DE2904C4239F24CB00465543 /* Launcher.swift in Sources */ = {isa = PBXBuildFile; fileRef = DE2904C3239F24CB00465543 /* Launcher.swift */; };
		DE2904C6239F28DC00465543 /* SceneDelegate.swift in Sources */ = {isa = PBXBuildFile; fileRef = DE2904C5239F28DC00465543 /* SceneDelegate.swift */; };
/* End PBXBuildFile section */

/* Begin PBXFileReference section */
		DE2903F3239EF6E000465543 /* DrPt.app */ = {isa = PBXFileReference; explicitFileType = wrapper.application; includeInIndex = 0; path = DrPt.app; sourceTree = BUILT_PRODUCTS_DIR; };
		DE2903FF239EF6E100465543 /* Assets.xcassets */ = {isa = PBXFileReference; lastKnownFileType = folder.assetcatalog; path = Assets.xcassets; sourceTree = "<group>"; };
		DE29040A239EF70800465543 /* mail.swift */ = {isa = PBXFileReference; fileEncoding = 4; lastKnownFileType = sourcecode.swift; path = mail.swift; sourceTree = "<group>"; };
		DE29040C239EF70800465543 /* maillistTableCellController.swift */ = {isa = PBXFileReference; fileEncoding = 4; lastKnownFileType = sourcecode.swift; path = maillistTableCellController.swift; sourceTree = "<group>"; };
		DE290410239EF70800465543 /* AppDelegate.swift */ = {isa = PBXFileReference; fileEncoding = 4; lastKnownFileType = sourcecode.swift; path = AppDelegate.swift; sourceTree = "<group>"; };
		DE290411239EF70900465543 /* mailDescViewController.swift */ = {isa = PBXFileReference; fileEncoding = 4; lastKnownFileType = sourcecode.swift; path = mailDescViewController.swift; sourceTree = "<group>"; };
		DE290412239EF70900465543 /* maillistTableViewController.swift */ = {isa = PBXFileReference; fileEncoding = 4; lastKnownFileType = sourcecode.swift; path = maillistTableViewController.swift; sourceTree = "<group>"; };
		DE29041F239EFB9200465543 /* Main.storyboard */ = {isa = PBXFileReference; fileEncoding = 4; lastKnownFileType = file.storyboard; path = Main.storyboard; sourceTree = "<group>"; };
		DE2904C1239F0B8F00465543 /* Info.plist */ = {isa = PBXFileReference; fileEncoding = 4; lastKnownFileType = text.plist.xml; path = Info.plist; sourceTree = "<group>"; };
		DE2904C3239F24CB00465543 /* Launcher.swift */ = {isa = PBXFileReference; lastKnownFileType = sourcecode.swift; path = Launcher.swift; sourceTree = "<group>"; };
		DE2904C5239F28DC00465543 /* SceneDelegate.swift */ = {isa = PBXFileReference; fileEncoding = 4; lastKnownFileType = sourcecode.swift; path = SceneDelegate.swift; sourceTree = "<group>"; };
/* End PBXFileReference section */

/* Begin PBXFrameworksBuildPhase section */
		DE2903F0239EF6E000465543 /* Frameworks */ = {
			isa = PBXFrameworksBuildPhase;
			buildActionMask = 2147483647;
			files = (
			);
			runOnlyForDeploymentPostprocessing = 0;
		};
/* End PBXFrameworksBuildPhase section */

/* Begin PBXGroup section */
		DE2903EA239EF6E000465543 = {
			isa = PBXGroup;
			children = (
				DE2903F5239EF6E000465543 /* DrPt */,
				DE2903F4239EF6E000465543 /* Products */,
			);
			sourceTree = "<group>";
		};
		DE2903F4239EF6E000465543 /* Products */ = {
			isa = PBXGroup;
			children = (
				DE2903F3239EF6E000465543 /* DrPt.app */,
			);
			name = Products;
			sourceTree = "<group>";
		};
		DE2903F5239EF6E000465543 /* DrPt */ = {
			isa = PBXGroup;
			children = (
				DE2904C3239F24CB00465543 /* Launcher.swift */,
				DE290410239EF70800465543 /* AppDelegate.swift */,
				DE29040A239EF70800465543 /* mail.swift */,
				DE290411239EF70900465543 /* mailDescViewController.swift */,
				DE29040C239EF70800465543 /* maillistTableCellController.swift */,
				DE290412239EF70900465543 /* maillistTableViewController.swift */,
				DE29041F239EFB9200465543 /* Main.storyboard */,
				DE2904C1239F0B8F00465543 /* Info.plist */,
				DE2904C5239F28DC00465543 /* SceneDelegate.swift */,
				DE2903FF239EF6E100465543 /* Assets.xcassets */,
			);
			path = DrPt;
			sourceTree = "<group>";
		};
/* End PBXGroup section */

/* Begin PBXNativeTarget section */
		DE2903F2239EF6E000465543 /* DrPt */ = {
			isa = PBXNativeTarget;
			buildConfigurationList = DE290407239EF6E100465543 /* Build configuration list for PBXNativeTarget "DrPt" */;
			buildPhases = (
				DE2903EF239EF6E000465543 /* Sources */,
				DE2903F0239EF6E000465543 /* Frameworks */,
				DE2903F1239EF6E000465543 /* Resources */,
			);
			buildRules = (
			);
			dependencies = (
			);
			name = DrPt;
			productName = TableView;
			productReference = DE2903F3239EF6E000465543 /* DrPt.app */;
			productType = "com.apple.product-type.application";
		};
/* End PBXNativeTarget section */

/* Begin PBXProject section */
		DE2903EB239EF6E000465543 /* Project object */ = {
			isa = PBXProject;
			attributes = {
				LastSwiftUpdateCheck = 1100;
				LastUpgradeCheck = 1100;
				ORGANIZATIONNAME = "李海涛";
				TargetAttributes = {
					DE2903F2239EF6E000465543 = {
						CreatedOnToolsVersion = 11.0;
					};
				};
			};
			buildConfigurationList = DE2903EE239EF6E000465543 /* Build configuration list for PBXProject "DrPt" */;
			compatibilityVersion = "Xcode 9.3";
			developmentRegion = en;
			hasScannedForEncodings = 0;
			knownRegions = (
				en,
				Base,
			);
			mainGroup = DE2903EA239EF6E000465543;
			productRefGroup = DE2903F4239EF6E000465543 /* Products */;
			projectDirPath = "";
			projectRoot = "";
			targets = (
				DE2903F2239EF6E000465543 /* DrPt */,
			);
		};
/* End PBXProject section */

/* Begin PBXResourcesBuildPhase section */
		DE2903F1239EF6E000465543 /* Resources */ = {
			isa = PBXResourcesBuildPhase;
			buildActionMask = 2147483647;
			files = (
				DE290420239EFB9200465543 /* Main.storyboard in Resources */,
				DE290400239EF6E100465543 /* Assets.xcassets in Resources */,
				DE2904C2239F0B8F00465543 /* Info.plist in Resources */,
			);
			runOnlyForDeploymentPostprocessing = 0;
		};
/* End PBXResourcesBuildPhase section */

/* Begin PBXSourcesBuildPhase section */
		DE2903EF239EF6E000465543 /* Sources */ = {
			isa = PBXSourcesBuildPhase;
			buildActionMask = 2147483647;
			files = (
				DE29041A239EF70900465543 /* AppDelegate.swift in Sources */,
				DE2904C6239F28DC00465543 /* SceneDelegate.swift in Sources */,
				DE2904C4239F24CB00465543 /* Launcher.swift in Sources */,
				DE290414239EF70900465543 /* mail.swift in Sources */,
				DE29041B239EF70900465543 /* mailDescViewController.swift in Sources */,
				DE290416239EF70900465543 /* maillistTableCellController.swift in Sources */,
				DE29041C239EF70900465543 /* maillistTableViewController.swift in Sources */,
			);
			runOnlyForDeploymentPostprocessing = 0;
		};
/* End PBXSourcesBuildPhase section */

/* Begin XCBuildConfiguration section */
		DE290405239EF6E100465543 /* Debug */ = {
			isa = XCBuildConfiguration;
			buildSettings = {
				ALWAYS_SEARCH_USER_PATHS = NO;
				CLANG_ANALYZER_NONNULL = YES;
				CLANG_ANALYZER_NUMBER_OBJECT_CONVERSION = YES_AGGRESSIVE;
				CLANG_CXX_LANGUAGE_STANDARD = "gnu++14";
				CLANG_CXX_LIBRARY = "libc++";
				CLANG_ENABLE_MODULES = YES;
				CLANG_ENABLE_OBJC_ARC = YES;
				CLANG_ENABLE_OBJC_WEAK = YES;
				CLANG_WARN_BLOCK_CAPTURE_AUTORELEASING = YES;
				CLANG_WARN_BOOL_CONVERSION = YES;
				CLANG_WARN_COMMA = YES;
				CLANG_WARN_CONSTANT_CONVERSION = YES;
				CLANG_WARN_DEPRECATED_OBJC_IMPLEMENTATIONS = YES;
				CLANG_WARN_DIRECT_OBJC_ISA_USAGE = YES_ERROR;
				CLANG_WARN_DOCUMENTATION_COMMENTS = YES;
				CLANG_WARN_EMPTY_BODY = YES;
				CLANG_WARN_ENUM_CONVERSION = YES;
				CLANG_WARN_INFINITE_RECURSION = YES;
				CLANG_WARN_INT_CONVERSION = YES;
				CLANG_WARN_NON_LITERAL_NULL_CONVERSION = YES;
				CLANG_WARN_OBJC_IMPLICIT_RETAIN_SELF = YES;
				CLANG_WARN_OBJC_LITERAL_CONVERSION = YES;
				CLANG_WARN_OBJC_ROOT_CLASS = YES_ERROR;
				CLANG_WARN_RANGE_LOOP_ANALYSIS = YES;
				CLANG_WARN_STRICT_PROTOTYPES = YES;
				CLANG_WARN_SUSPICIOUS_MOVE = YES;
				CLANG_WARN_UNGUARDED_AVAILABILITY = YES_AGGRESSIVE;
				CLANG_WARN_UNREACHABLE_CODE = YES;
				CLANG_WARN__DUPLICATE_METHOD_MATCH = YES;
				COPY_PHASE_STRIP = NO;
				DEBUG_INFORMATION_FORMAT = dwarf;
				ENABLE_STRICT_OBJC_MSGSEND = YES;
				ENABLE_TESTABILITY = YES;
				GCC_C_LANGUAGE_STANDARD = gnu11;
				GCC_DYNAMIC_NO_PIC = NO;
				GCC_NO_COMMON_BLOCKS = YES;
				GCC_OPTIMIZATION_LEVEL = 0;
				GCC_PREPROCESSOR_DEFINITIONS = (
					"DEBUG=1",
					"$(inherited)",
				);
				GCC_WARN_64_TO_32_BIT_CONVERSION = YES;
				GCC_WARN_ABOUT_RETURN_TYPE = YES_ERROR;
				GCC_WARN_UNDECLARED_SELECTOR = YES;
				GCC_WARN_UNINITIALIZED_AUTOS = YES_AGGRESSIVE;
				GCC_WARN_UNUSED_FUNCTION = YES;
				GCC_WARN_UNUSED_VARIABLE = YES;
				IPHONEOS_DEPLOYMENT_TARGET = 13.0;
				MTL_ENABLE_DEBUG_INFO = INCLUDE_SOURCE;
				MTL_FAST_MATH = YES;
				ONLY_ACTIVE_ARCH = YES;
				SDKROOT = iphoneos;
				SWIFT_ACTIVE_COMPILATION_CONDITIONS = DEBUG;
				SWIFT_OPTIMIZATION_LEVEL = "-Onone";
			};
			name = Debug;
		};
		DE290406239EF6E100465543 /* Release */ = {
			isa = XCBuildConfiguration;
			buildSettings = {
				ALWAYS_SEARCH_USER_PATHS = NO;
				CLANG_ANALYZER_NONNULL = YES;
				CLANG_ANALYZER_NUMBER_OBJECT_CONVERSION = YES_AGGRESSIVE;
				CLANG_CXX_LANGUAGE_STANDARD = "gnu++14";
				CLANG_CXX_LIBRARY = "libc++";
				CLANG_ENABLE_MODULES = YES;
				CLANG_ENABLE_OBJC_ARC = YES;
				CLANG_ENABLE_OBJC_WEAK = YES;
				CLANG_WARN_BLOCK_CAPTURE_AUTORELEASING = YES;
				CLANG_WARN_BOOL_CONVERSION = YES;
				CLANG_WARN_COMMA = YES;
				CLANG_WARN_CONSTANT_CONVERSION = YES;
				CLANG_WARN_DEPRECATED_OBJC_IMPLEMENTATIONS = YES;
				CLANG_WARN_DIRECT_OBJC_ISA_USAGE = YES_ERROR;
				CLANG_WARN_DOCUMENTATION_COMMENTS = YES;
				CLANG_WARN_EMPTY_BODY = YES;
				CLANG_WARN_ENUM_CONVERSION = YES;
				CLANG_WARN_INFINITE_RECURSION = YES;
				CLANG_WARN_INT_CONVERSION = YES;
				CLANG_WARN_NON_LITERAL_NULL_CONVERSION = YES;
				CLANG_WARN_OBJC_IMPLICIT_RETAIN_SELF = YES;
				CLANG_WARN_OBJC_LITERAL_CONVERSION = YES;
				CLANG_WARN_OBJC_ROOT_CLASS = YES_ERROR;
				CLANG_WARN_RANGE_LOOP_ANALYSIS = YES;
				CLANG_WARN_STRICT_PROTOTYPES = YES;
				CLANG_WARN_SUSPICIOUS_MOVE = YES;
				CLANG_WARN_UNGUARDED_AVAILABILITY = YES_AGGRESSIVE;
				CLANG_WARN_UNREACHABLE_CODE = YES;
				CLANG_WARN__DUPLICATE_METHOD_MATCH = YES;
				COPY_PHASE_STRIP = NO;
				DEBUG_INFORMATION_FORMAT = "dwarf-with-dsym";
				ENABLE_NS_ASSERTIONS = NO;
				ENABLE_STRICT_OBJC_MSGSEND = YES;
				GCC_C_LANGUAGE_STANDARD = gnu11;
				GCC_NO_COMMON_BLOCKS = YES;
				GCC_WARN_64_TO_32_BIT_CONVERSION = YES;
				GCC_WARN_ABOUT_RETURN_TYPE = YES_ERROR;
				GCC_WARN_UNDECLARED_SELECTOR = YES;
				GCC_WARN_UNINITIALIZED_AUTOS = YES_AGGRESSIVE;
				GCC_WARN_UNUSED_FUNCTION = YES;
				GCC_WARN_UNUSED_VARIABLE = YES;
				IPHONEOS_DEPLOYMENT_TARGET = 13.0;
				MTL_ENABLE_DEBUG_INFO = NO;
				MTL_FAST_MATH = YES;
				SDKROOT = iphoneos;
				SWIFT_COMPILATION_MODE = wholemodule;
				SWIFT_OPTIMIZATION_LEVEL = "-O";
				VALIDATE_PRODUCT = YES;
			};
			name = Release;
		};
		DE290408239EF6E100465543 /* Debug */ = {
			isa = XCBuildConfiguration;
			buildSettings = {
				ASSETCATALOG_COMPILER_APPICON_NAME = AppIcon;
				CODE_SIGN_STYLE = Automatic;
				INFOPLIST_FILE = "$(SRCROOT)/DrPt/Info.plist";
				LD_RUNPATH_SEARCH_PATHS = (
					"$(inherited)",
					"@executable_path/Frameworks",
				);
				PRODUCT_BUNDLE_IDENTIFIER = dglhtao.TableView;
				PRODUCT_NAME = "$(TARGET_NAME)";
				SWIFT_VERSION = 5.0;
				TARGETED_DEVICE_FAMILY = "1,2";
			};
			name = Debug;
		};
		DE290409239EF6E100465543 /* Release */ = {
			isa = XCBuildConfiguration;
			buildSettings = {
				ASSETCATALOG_COMPILER_APPICON_NAME = AppIcon;
				CODE_SIGN_STYLE = Automatic;
				INFOPLIST_FILE = "$(SRCROOT)/DrPt/Info.plist";
				LD_RUNPATH_SEARCH_PATHS = (
					"$(inherited)",
					"@executable_path/Frameworks",
				);
				PRODUCT_BUNDLE_IDENTIFIER = dglhtao.TableView;
				PRODUCT_NAME = "$(TARGET_NAME)";
				SWIFT_VERSION = 5.0;
				TARGETED_DEVICE_FAMILY = "1,2";
			};
			name = Release;
		};
/* End XCBuildConfiguration section */

/* Begin XCConfigurationList section */
		DE2903EE239EF6E000465543 /* Build configuration list for PBXProject "DrPt" */ = {
			isa = XCConfigurationList;
			buildConfigurations = (
				DE290405239EF6E100465543 /* Debug */,
				DE290406239EF6E100465543 /* Release */,
			);
			defaultConfigurationIsVisible = 0;
			defaultConfigurationName = Release;
		};
		DE290407239EF6E100465543 /* Build configuration list for PBXNativeTarget "DrPt" */ = {
			isa = XCConfigurationList;
			buildConfigurations = (
				DE290408239EF6E100465543 /* Debug */,
				DE290409239EF6E100465543 /* Release */,
			);
			defaultConfigurationIsVisible = 0;
			defaultConfigurationName = Release;
		};
/* End XCConfigurationList section */
	};
	rootObject = DE2903EB239EF6E000465543 /* Project object */;
}
